
Microsoft Visual Studio Solution File, Format Version 12.00
# Visual Studio Version 16
VisualStudioVersion = 16.0.30621.155
MinimumVisualStudioVersion = 10.0.40219.1
Project("{FAE04EC0-301F-11D3-BF4B-00C04F79EFBC}") = "Server", "Server\Server.csproj", "{6086FE47-64E7-4F22-B7FB-AE21823EF489}"
EndProject
Project("{FAE04EC0-301F-11D3-BF4B-00C04F79EFBC}") = "Client", "Client\Client.csproj", "{2C730B97-DDDF-457A-9587-1F7A0335D488}"
EndProject
Project("{FAE04EC0-301F-11D3-BF4B-00C04F79EFBC}") = "Common", "Common\Common.csproj", "{A6392A60-6937-40C7-A8A5-AFDD158E845B}"
EndProject
Global
	GlobalSection(SolutionConfigurationPlatforms) = preSolution
		Debug|Any CPU = Debug|Any CPU
		Release|Any CPU = Release|Any CPU
	EndGlobalSection
	GlobalSection(ProjectConfigurationPlatforms) = postSolution
		{6086FE47-64E7-4F22-B7FB-AE21823EF489}.Debug|Any CPU.ActiveCfg = Debug|Any CPU
		{6086FE47-64E7-4F22-B7FB-AE21823EF489}.Debug|Any CPU.Build.0 = Debug|Any CPU
		{6086FE47-64E7-4F22-B7FB-AE21823EF489}.Release|Any CPU.ActiveCfg = Release|Any CPU
		{6086FE47-64E7-4F22-B7FB-AE21823EF489}.Release|Any CPU.Build.0 = Release|Any CPU
		{2C730B97-DDDF-457A-9587-1F7A0335D488}.Debug|Any CPU.ActiveCfg = Debug|Any CPU
		{2C730B97-DDDF-457A-9587-1F7A0335D488}.Debug|Any CPU.Build.0 = Debug|Any CPU
		{2C730B97-DDDF-457A-9587-1F7A0335D488}.Release|Any CPU.ActiveCfg = Release|Any CPU
		{2C730B97-DDDF-457A-9587-1F7A0335D488}.Release|Any CPU.Build.0 = Release|Any CPU
		{A6392A60-6937-40C7-A8A5-AFDD158E845B}.Debug|Any CPU.ActiveCfg = Debug|Any CPU
		{A6392A60-6937-40C7-A8A5-AFDD158E845B}.Debug|Any CPU.Build.0 = Debug|Any CPU
		{A6392A60-6937-40C7-A8A5-AFDD158E845B}.Release|Any CPU.ActiveCfg = Release|Any CPU
		{A6392A60-6937-40C7-A8A5-AFDD158E845B}.Release|Any CPU.Build.0 = Release|Any CPU
	EndGlobalSection
	GlobalSection(SolutionProperties) = preSolution
		HideSolutionNode = FALSE
	EndGlobalSection
	GlobalSection(ExtensibilityGlobals) = postSolution
		SolutionGuid = {0F1175F4-42F8-4F3A-8A5B-A837C70E7639}
	EndGlobalSection
EndGlobal
